PODS:
  - R.swift (5.2.2):
    - R.swift.Library (~> 5.2.0)
  - R.swift.Library (5.2.0)
  - Resolver (1.1.4)

DEPENDENCIES:
  - R.swift
  - Resolver

SPEC REPOS:
  trunk:
    - R.swift
    - R.swift.Library
    - Resolver

SPEC CHECKSUMS:
  R.swift: 7c52cdc57a66840ffe6cbd8a823d732059d42a32
  R.swift.Library: 5ba4f1631300caf9a4d890186930da85d540769d
  Resolver: 1f4c046255cbadfa97094692e16e940d4329779f

PODFILE CHECKSUM: 4e7fa527208f639ab6c6c5627eb84b10b8771da0

COCOAPODS: 1.9.3
