PODS:
  - R.swift (5.4.0):
    - R.swift.Library (~> 5.3.0)
  - R.swift.Library (5.3.0)
  - Resolver (1.4.1)

DEPENDENCIES:
  - R.swift
  - Resolver

SPEC REPOS:
  trunk:
    - R.swift
    - R.swift.Library
    - Resolver

SPEC CHECKSUMS:
  R.swift: c533450b0f7dc494e0993f5f1a1db925d84c3006
  R.swift.Library: 0fc583cb55a99e28901299cc451614cad1161962
  Resolver: c293d0177cbc69fcb700cfd49922ae2122c1829c

PODFILE CHECKSUM: 377c4725955bc7cb94d41424234106ee5b19f671

COCOAPODS: 1.10.1
